
Microsoft Visual Studio Solution File, Format Version 12.00
Project("{FAE04EC0-301F-11D3-BF4B-00C04F79EFBC}") = "Placeholder", "Placeholder\Placeholder.csproj", "{03D12EC0-6691-4F90-AA4A-8871584D9CEC}"
EndProject
Global
	GlobalSection(SolutionConfigurationPlatforms) = preSolution
		Debug|Any CPU = Debug|Any CPU
		Release|Any CPU = Release|Any CPU
	EndGlobalSection
	GlobalSection(ProjectConfigurationPlatforms) = postSolution
		{03D12EC0-6691-4F90-AA4A-8871584D9CEC}.Debug|Any CPU.ActiveCfg = Debug|Any CPU
		{03D12EC0-6691-4F90-AA4A-8871584D9CEC}.Debug|Any CPU.Build.0 = Debug|Any CPU
		{03D12EC0-6691-4F90-AA4A-8871584D9CEC}.Release|Any CPU.ActiveCfg = Release|Any CPU
		{03D12EC0-6691-4F90-AA4A-8871584D9CEC}.Release|Any CPU.Build.0 = Release|Any CPU
	EndGlobalSection
EndGlobal
